
Microsoft Visual Studio Solution File, Format Version 12.00
# Visual Studio Version 17
VisualStudioVersion = 17.13.35931.197 d17.13
MinimumVisualStudioVersion = 10.0.40219.1
Project("{FAE04EC0-301F-11D3-BF4B-00C04F79EFBC}") = "ClienteMovilSOAP", "ClienteMovilSOAP\ClienteMovilSOAP.csproj", "{E9500B4A-264B-43CB-8E0B-913DDCED9C20}"
EndProject
Global
	GlobalSection(SolutionConfigurationPlatforms) = preSolution
		Debug|Any CPU = Debug|Any CPU
		Release|Any CPU = Release|Any CPU
	EndGlobalSection
	GlobalSection(ProjectConfigurationPlatforms) = postSolution
		{E9500B4A-264B-43CB-8E0B-913DDCED9C20}.Debug|Any CPU.ActiveCfg = Debug|Any CPU
		{E9500B4A-264B-43CB-8E0B-913DDCED9C20}.Debug|Any CPU.Build.0 = Debug|Any CPU
		{E9500B4A-264B-43CB-8E0B-913DDCED9C20}.Release|Any CPU.ActiveCfg = Release|Any CPU
		{E9500B4A-264B-43CB-8E0B-913DDCED9C20}.Release|Any CPU.Build.0 = Release|Any CPU
	EndGlobalSection
	GlobalSection(SolutionProperties) = preSolution
		HideSolutionNode = FALSE
	EndGlobalSection
	GlobalSection(ExtensibilityGlobals) = postSolution
		SolutionGuid = {260C0075-FBCE-4325-B620-496CA2B4331D}
	EndGlobalSection
EndGlobal
