
Microsoft Visual Studio Solution File, Format Version 12.00
# Visual Studio Version 17
VisualStudioVersion = 17.13.35931.197 d17.13
MinimumVisualStudioVersion = 10.0.40219.1
Project("{FAE04EC0-301F-11D3-BF4B-00C04F79EFBC}") = "ClienteWebSOAP", "ClienteWebSOAP\ClienteWebSOAP.csproj", "{04366728-E403-4203-B3A4-63BD7B2369BD}"
EndProject
Global
	GlobalSection(SolutionConfigurationPlatforms) = preSolution
		Debug|Any CPU = Debug|Any CPU
		Release|Any CPU = Release|Any CPU
	EndGlobalSection
	GlobalSection(ProjectConfigurationPlatforms) = postSolution
		{04366728-E403-4203-B3A4-63BD7B2369BD}.Debug|Any CPU.ActiveCfg = Debug|Any CPU
		{04366728-E403-4203-B3A4-63BD7B2369BD}.Debug|Any CPU.Build.0 = Debug|Any CPU
		{04366728-E403-4203-B3A4-63BD7B2369BD}.Release|Any CPU.ActiveCfg = Release|Any CPU
		{04366728-E403-4203-B3A4-63BD7B2369BD}.Release|Any CPU.Build.0 = Release|Any CPU
	EndGlobalSection
	GlobalSection(SolutionProperties) = preSolution
		HideSolutionNode = FALSE
	EndGlobalSection
	GlobalSection(ExtensibilityGlobals) = postSolution
		SolutionGuid = {24CB32FD-1E30-4C3D-B07D-93C6C86C81FC}
	EndGlobalSection
EndGlobal
